
Microsoft Visual Studio Solution File, Format Version 12.00
# Visual Studio 15
VisualStudioVersion = 15.0.28307.645
MinimumVisualStudioVersion = 10.0.40219.1
Project("{FAE04EC0-301F-11D3-BF4B-00C04F79EFBC}") = "Servidor", "Servidor\Servidor.csproj", "{3D71E8ED-1142-4A38-9524-E28ACF49315A}"
EndProject
Global
	GlobalSection(SolutionConfigurationPlatforms) = preSolution
		Debug|Any CPU = Debug|Any CPU
		Release|Any CPU = Release|Any CPU
	EndGlobalSection
	GlobalSection(ProjectConfigurationPlatforms) = postSolution
		{3D71E8ED-1142-4A38-9524-E28ACF49315A}.Debug|Any CPU.ActiveCfg = Debug|Any CPU
		{3D71E8ED-1142-4A38-9524-E28ACF49315A}.Debug|Any CPU.Build.0 = Debug|Any CPU
		{3D71E8ED-1142-4A38-9524-E28ACF49315A}.Release|Any CPU.ActiveCfg = Release|Any CPU
		{3D71E8ED-1142-4A38-9524-E28ACF49315A}.Release|Any CPU.Build.0 = Release|Any CPU
	EndGlobalSection
	GlobalSection(SolutionProperties) = preSolution
		HideSolutionNode = FALSE
	EndGlobalSection
	GlobalSection(ExtensibilityGlobals) = postSolution
		SolutionGuid = {2B8FD1F8-F5C5-43F7-9C7D-97F3B7359303}
	EndGlobalSection
EndGlobal
